Microsoft Visual Studio Solution File, Format Version 12.00
# Visual Studio Version 17
VisualStudioVersion = 17.5.2.0
MinimumVisualStudioVersion = 10.0.40219.1
Project("{FAE04EC0-301F-11D3-BF4B-00C04F79EFBC}") = "VariousTypes", "VariousTypes.csproj", "{A7136EA2-4D62-F726-9005-4F453D029C6C}"
EndProject
Global
	GlobalSection(SolutionConfigurationPlatforms) = preSolution
		Debug|Any CPU = Debug|Any CPU
		Release|Any CPU = Release|Any CPU
	EndGlobalSection
	GlobalSection(ProjectConfigurationPlatforms) = postSolution
		{A7136EA2-4D62-F726-9005-4F453D029C6C}.Debug|Any CPU.ActiveCfg = Debug|Any CPU
		{A7136EA2-4D62-F726-9005-4F453D029C6C}.Debug|Any CPU.Build.0 = Debug|Any CPU
		{A7136EA2-4D62-F726-9005-4F453D029C6C}.Release|Any CPU.ActiveCfg = Release|Any CPU
		{A7136EA2-4D62-F726-9005-4F453D029C6C}.Release|Any CPU.Build.0 = Release|Any CPU
	EndGlobalSection
	GlobalSection(SolutionProperties) = preSolution
		HideSolutionNode = FALSE
	EndGlobalSection
	GlobalSection(ExtensibilityGlobals) = postSolution
		SolutionGuid = {545217DE-1731-4A2A-AEC3-3898864BD2EE}
	EndGlobalSection
EndGlobal
